<?xml version="1.0" encoding="utf-8"?>
<Project ToolsVersion="4.0" xmlns="http://schemas.microsoft.com/developer/msbuild/2003">
  <ItemGroup>
    <Filter Include="Source Files">
      <UniqueIdentifier>{4FC737F1-C7A5-4376-A066-2A32D752A2FF}</UniqueIdentifier>
      <Extensions>cpp;c;cc;cxx;def;odl;idl;hpj;bat;asm;asmx</Extensions>
    </Filter>
    <Filter Include="Header Files">
      <UniqueIdentifier>{93995380-89BD-4b04-88EB-625FBE52EBFB}</UniqueIdentifier>
      <Extensions>h;hh;hpp;hxx;hm;inl;inc;xsd</Extensions>
    </Filter>
    <Filter Include="Resource Files">
      <UniqueIdentifier>{67DA6AB6-F800-4c08-8B7A-83BB121AAD01}</UniqueIdentifier>
      <Extensions>rc;ico;cur;bmp;dlg;rc2;rct;bin;rgs;gif;jpg;jpeg;jpe;resx;tiff;tif;png;wav;mfcribbon-ms</Extensions>
    </Filter>
  </ItemGroup>
  <ItemGroup>
    <ClCompile Include="..\..\..\Lesson1\glad4.6\src\glad.c">
      <Filter>Source Files</Filter>
    </ClCompile>
    <ClCompile Include="Source1.cpp">
      <Filter>Source Files</Filter>
    </ClCompile>
    <ClCompile Include="std_image.cpp">
      <Filter>Source Files</Filter>
    </ClCompile>
  </ItemGroup>
  <ItemGroup>
    <ClInclude Include="camera.h">
      <Filter>Header Files</Filter>
    </ClInclude>
    <ClInclude Include="shader.h">
      <Filter>Header Files</Filter>
    </ClInclude>
    <ClInclude Include="Point.h">
      <Filter>Header Files</Filter>
    </ClInclude>
    <ClInclude Include="stb_image.h">
      <Filter>Header Files</Filter>
    </ClInclude>
  </ItemGroup>
  <ItemGroup>
    <Image Include="earth.jpg">
      <Filter>Resource Files</Filter>
    </Image>
    <Image Include="jupiter.jpg">
      <Filter>Resource Files</Filter>
    </Image>
    <Image Include="mars.jpg">
      <Filter>Resource Files</Filter>
    </Image>
    <Image Include="mercury.jpg">
      <Filter>Resource Files</Filter>
    </Image>
    <Image Include="moon.jpg">
      <Filter>Resource Files</Filter>
    </Image>
    <Image Include="neptune.jpg">
      <Filter>Resource Files</Filter>
    </Image>
    <Image Include="saturn.jpg">
      <Filter>Resource Files</Filter>
    </Image>
    <Image Include="sun.jpg">
      <Filter>Resource Files</Filter>
    </Image>
    <Image Include="uranus.jpg">
      <Filter>Resource Files</Filter>
    </Image>
    <Image Include="venus.jpg">
      <Filter>Resource Files</Filter>
    </Image>
  </ItemGroup>
  <ItemGroup>
    <None Include="vert.glsl">
      <Filter>Resource Files</Filter>
    </None>
    <None Include="frag.glsl">
      <Filter>Resource Files</Filter>
    </None>
  </ItemGroup>
</Project>